PODS:
  - boxpay_checkout_flutter_sdk (1.0.20-beta1):
    - Flutter
  - device_info_plus (0.0.1):
    - Flutter
  - Flutter (1.0.0)

DEPENDENCIES:
  - boxpay_checkout_flutter_sdk (from `.symlinks/plugins/boxpay_checkout_flutter_sdk/ios`)
  - device_info_plus (from `.symlinks/plugins/device_info_plus/ios`)
  - Flutter (from `Flutter`)

EXTERNAL SOURCES:
  boxpay_checkout_flutter_sdk:
    :path: ".symlinks/plugins/boxpay_checkout_flutter_sdk/ios"
  device_info_plus:
    :path: ".symlinks/plugins/device_info_plus/ios"
  Flutter:
    :path: Flutter

SPEC CHECKSUMS:
  boxpay_checkout_flutter_sdk: e7965ae0ca3a50588ebb00beac37aef3b2976201
  device_info_plus: 71ffc6ab7634ade6267c7a93088ed7e4f74e5896
  Flutter: cabc95a1d2626b1b06e7179b784ebcf0c0cde467

PODFILE CHECKSUM: a40c6ceee4b1df44d1b9b9c70c1206db08342005

COCOAPODS: 1.16.2
