PODS:
  - boxpay_checkout_flutter_sdk (1.0.20-beta1):
    - CrossPlatformSDK (= 1.0.1)
    - Flutter
  - CrossPlatformSDK (1.0.1)
  - device_info_plus (0.0.1):
    - Flutter
  - Flutter (1.0.0)

DEPENDENCIES:
  - boxpay_checkout_flutter_sdk (from `.symlinks/plugins/boxpay_checkout_flutter_sdk/ios`)
  - device_info_plus (from `.symlinks/plugins/device_info_plus/ios`)
  - Flutter (from `Flutter`)

SPEC REPOS:
  trunk:
    - CrossPlatformSDK

EXTERNAL SOURCES:
  boxpay_checkout_flutter_sdk:
    :path: ".symlinks/plugins/boxpay_checkout_flutter_sdk/ios"
  device_info_plus:
    :path: ".symlinks/plugins/device_info_plus/ios"
  Flutter:
    :path: Flutter

SPEC CHECKSUMS:
  boxpay_checkout_flutter_sdk: 405613e7fd6d3f771dace5ec5e3137994c1ccf8e
  CrossPlatformSDK: 0ac48191b03883bbaa220b7433f5cbce94a02826
  device_info_plus: 71ffc6ab7634ade6267c7a93088ed7e4f74e5896
  Flutter: 71a624a5bc0c04062bf19101d501e466baf2fb47

PODFILE CHECKSUM: ec9223bb718ff4f0a10ceb18d9b7f28c9efc50a3

COCOAPODS: 1.16.2
